
Microsoft Visual Studio Solution File, Format Version 12.00
# Visual Studio Version 17
VisualStudioVersion = 17.5.33424.131
MinimumVisualStudioVersion = 10.0.40219.1
Project("{9A19103F-16F7-4668-BE54-9A1E7A4F7556}") = "ChallengeApp", "ChallengeApp\ChallengeApp.csproj", "{AEE400FB-A2F3-4DC6-99BF-5670FAF77AA1}"
EndProject
Project("{FAE04EC0-301F-11D3-BF4B-00C04F79EFBC}") = "ChallengeApp.Tests", "ChallengeApp.Tests\ChallengeApp.Tests.csproj", "{82AC65BF-1389-45F0-BEE9-971D60353B33}"
EndProject
Global
	GlobalSection(SolutionConfigurationPlatforms) = preSolution
		Debug|Any CPU = Debug|Any CPU
		Release|Any CPU = Release|Any CPU
	EndGlobalSection
	GlobalSection(ProjectConfigurationPlatforms) = postSolution
		{AEE400FB-A2F3-4DC6-99BF-5670FAF77AA1}.Debug|Any CPU.ActiveCfg = Debug|Any CPU
		{AEE400FB-A2F3-4DC6-99BF-5670FAF77AA1}.Debug|Any CPU.Build.0 = Debug|Any CPU
		{AEE400FB-A2F3-4DC6-99BF-5670FAF77AA1}.Release|Any CPU.ActiveCfg = Release|Any CPU
		{AEE400FB-A2F3-4DC6-99BF-5670FAF77AA1}.Release|Any CPU.Build.0 = Release|Any CPU
		{82AC65BF-1389-45F0-BEE9-971D60353B33}.Debug|Any CPU.ActiveCfg = Debug|Any CPU
		{82AC65BF-1389-45F0-BEE9-971D60353B33}.Debug|Any CPU.Build.0 = Debug|Any CPU
		{82AC65BF-1389-45F0-BEE9-971D60353B33}.Release|Any CPU.ActiveCfg = Release|Any CPU
		{82AC65BF-1389-45F0-BEE9-971D60353B33}.Release|Any CPU.Build.0 = Release|Any CPU
	EndGlobalSection
	GlobalSection(SolutionProperties) = preSolution
		HideSolutionNode = FALSE
	EndGlobalSection
	GlobalSection(ExtensibilityGlobals) = postSolution
		SolutionGuid = {23307E13-0AD6-4DBC-87DD-23DB4B945561}
	EndGlobalSection
EndGlobal
